{
  "version": 4,
  "terraform_version": "1.14.3",
  "serial": 176,
  "lineage": "afc24dfb-0c3b-37d7-e07e-a6235f5d54dd",
  "outputs": {
    "cs2_connect_command": {
      "value": "connect 18.230.59.130:27015",
      "type": "string"
    },
    "instrucoes_finais": {
      "value": "\nSERVIDOR DE CS2 EM PROVISIONAMENTO\n\nA infraestrutura foi criada, mas o download do jogo está ocorrendo.\nAguarde de 15 a 20 minutos para que o processo seja concluído.\n\nPara acompanhar o progresso da instalação em tempo real, execute:\n  ssh -i cs2-server-key.pem ubuntu@18.230.59.130 \"tail -f /var/log/user-data.log\"\n\nQuando o log exibir \"Processo finalizado\", você poderá conectar com:\n  Comando: connect 18.230.59.130:27015\n\nBackups das configurações de skin:\n  Os backups do banco de dados serão salvos ao desligar o servidor em:\n  https://s3.console.aws.amazon.com/s3/buckets/cs2-server-backups-20260128225704327500000001?region=sa-east-1\n",
      "type": "string"
    },
    "server_public_ip": {
      "value": "18.230.59.130",
      "type": "string"
    },
    "ssh_connection_command": {
      "value": "ssh -i cs2-server-key.pem ubuntu@18.230.59.130",
      "type": "string"
    }
  },
  "resources": [
    {
      "mode": "data",
      "type": "aws_ami",
      "name": "ubuntu",
      "provider": "provider[\"registry.terraform.io/hashicorp/aws\"]",
      "instances": [
        {
          "schema_version": 0,
          "attributes": {
            "architecture": "x86_64",
            "arn": "arn:aws:ec2:sa-east-1::image/ami-0533a139e02b00be4",
            "block_device_mappings": [
              {
                "device_name": "/dev/sda1",
                "ebs": {
                  "delete_on_termination": "true",
                  "encrypted": "false",
                  "iops": "0",
                  "snapshot_id": "snap-0f1ee800b69ba9db8",
                  "throughput": "0",
                  "volume_initialization_rate": "0",
                  "volume_size": "8",
                  "volume_type": "gp2"
                },
                "no_device": "",
                "virtual_name": ""
              },
              {
                "device_name": "/dev/sdb",
                "ebs": {},
                "no_device": "",
                "virtual_name": "ephemeral0"
              },
              {
                "device_name": "/dev/sdc",
                "ebs": {},
                "no_device": "",
                "virtual_name": "ephemeral1"
              }
            ],
            "boot_mode": "uefi-preferred",
            "creation_date": "2025-12-12T06:54:24.000Z",
            "deprecation_time": "2027-12-12T06:54:24.000Z",
            "description": "Canonical, Ubuntu, 22.04, amd64 jammy image",
            "ena_support": true,
            "executable_users": null,
            "filter": [
              {
                "name": "name",
                "values": [
                  "ubuntu/images/hvm-ssd/ubuntu-jammy-22.04-amd64-server-*"
                ]
              }
            ],
            "hypervisor": "xen",
            "id": "ami-0533a139e02b00be4",
            "image_id": "ami-0533a139e02b00be4",
            "image_location": "amazon/ubuntu/images/hvm-ssd/ubuntu-jammy-22.04-amd64-server-20251212",
            "image_owner_alias": "amazon",
            "image_type": "machine",
            "imds_support": "",
            "include_deprecated": false,
            "kernel_id": "",
            "last_launched_time": "",
            "most_recent": true,
            "name": "ubuntu/images/hvm-ssd/ubuntu-jammy-22.04-amd64-server-20251212",
            "name_regex": null,
            "owner_id": "099720109477",
            "owners": [
              "099720109477"
            ],
            "platform": "",
            "platform_details": "Linux/UNIX",
            "product_codes": [],
            "public": true,
            "ramdisk_id": "",
            "root_device_name": "/dev/sda1",
            "root_device_type": "ebs",
            "root_snapshot_id": "snap-0f1ee800b69ba9db8",
            "sriov_net_support": "simple",
            "state": "available",
            "state_reason": {
              "code": "UNSET",
              "message": "UNSET"
            },
            "tags": {},
            "timeouts": null,
            "tpm_support": "",
            "uefi_data": null,
            "usage_operation": "RunInstances",
            "virtualization_type": "hvm"
          },
          "sensitive_attributes": [],
          "identity_schema_version": 0
        }
      ]
    },
    {
      "mode": "data",
      "type": "http",
      "name": "my_ip",
      "provider": "provider[\"registry.terraform.io/hashicorp/http\"]",
      "instances": [
        {
          "schema_version": 0,
          "attributes": {
            "body": "179.130.41.241\n",
            "ca_cert_pem": null,
            "client_cert_pem": null,
            "client_key_pem": null,
            "id": "https://ipv4.icanhazip.com",
            "insecure": null,
            "method": null,
            "request_body": null,
            "request_headers": null,
            "request_timeout_ms": null,
            "response_body": "179.130.41.241\n",
            "response_body_base64": "MTc5LjEzMC40MS4yNDEK",
            "response_headers": {
              "Access-Control-Allow-Methods": "GET",
              "Access-Control-Allow-Origin": "*",
              "Alt-Svc": "h3=\":443\"; ma=86400",
              "Cf-Ray": "9c54161c2de6623a-GRU",
              "Content-Length": "15",
              "Content-Type": "text/plain",
              "Date": "Wed, 28 Jan 2026 22:57:00 GMT",
              "Server": "cloudflare",
              "Set-Cookie": "__cf_bm=jYbNkErvUEigQpnumhBq7gy_b6PdBc3T87a_q1XqdPc-1769641020-1.0.1.1-Tl501P4sSvm9_GINyoKufmOltPb5zuqfEUXo02GvFzDKwXDcI2vHQVe1N0Rtt2UZL6yQ5nWUKXWnMu5eOs5Q6o4Gk2SmYEraDowvfJ87yng; path=/; expires=Wed, 28-Jan-26 23:27:00 GMT; domain=.icanhazip.com; HttpOnly; Secure; SameSite=None",
              "Vary": "Accept-Encoding"
            },
            "retry": null,
            "status_code": 200,
            "url": "https://ipv4.icanhazip.com"
          },
          "sensitive_attributes": [],
          "identity_schema_version": 0
        }
      ]
    },
    {
      "mode": "managed",
      "type": "aws_iam_instance_profile",
      "name": "ec2_profile",
      "provider": "provider[\"registry.terraform.io/hashicorp/aws\"]",
      "instances": [
        {
          "schema_version": 0,
          "attributes": {
            "arn": "arn:aws:iam::695166363681:instance-profile/cs2-ec2-profile",
            "create_date": "2026-01-28T22:57:05Z",
            "id": "cs2-ec2-profile",
            "name": "cs2-ec2-profile",
            "name_prefix": "",
            "path": "/",
            "role": "cs2-ec2-s3-role",
            "tags": null,
            "tags_all": {},
            "unique_id": "AIPA2DWZE5AQQLCUOCFOA"
          },
          "sensitive_attributes": [],
          "identity_schema_version": 0,
          "private": "bnVsbA==",
          "dependencies": [
            "aws_iam_role.ec2_s3_role"
          ]
        }
      ]
    },
    {
      "mode": "managed",
      "type": "aws_iam_role",
      "name": "ec2_s3_role",
      "provider": "provider[\"registry.terraform.io/hashicorp/aws\"]",
      "instances": [
        {
          "schema_version": 0,
          "attributes": {
            "arn": "arn:aws:iam::695166363681:role/cs2-ec2-s3-role",
            "assume_role_policy": "{\"Statement\":[{\"Action\":\"sts:AssumeRole\",\"Effect\":\"Allow\",\"Principal\":{\"Service\":\"ec2.amazonaws.com\"}}],\"Version\":\"2012-10-17\"}",
            "create_date": "2026-01-28T22:57:04Z",
            "description": "",
            "force_detach_policies": false,
            "id": "cs2-ec2-s3-role",
            "inline_policy": [],
            "managed_policy_arns": [],
            "max_session_duration": 3600,
            "name": "cs2-ec2-s3-role",
            "name_prefix": "",
            "path": "/",
            "permissions_boundary": "",
            "tags": null,
            "tags_all": {},
            "unique_id": "AROA2DWZE5AQWOQTBRJNG"
          },
          "sensitive_attributes": [],
          "identity_schema_version": 0,
          "private": "bnVsbA=="
        }
      ]
    },
    {
      "mode": "managed",
      "type": "aws_iam_role_policy_attachment",
      "name": "s3_access",
      "provider": "provider[\"registry.terraform.io/hashicorp/aws\"]",
      "instances": [
        {
          "schema_version": 0,
          "attributes": {
            "id": "cs2-ec2-s3-role-20260128225705679200000002",
            "policy_arn": "arn:aws:iam::aws:policy/AmazonS3FullAccess",
            "role": "cs2-ec2-s3-role"
          },
          "sensitive_attributes": [],
          "identity_schema_version": 0,
          "private": "bnVsbA==",
          "dependencies": [
            "aws_iam_role.ec2_s3_role"
          ]
        }
      ]
    },
    {
      "mode": "managed",
      "type": "aws_instance",
      "name": "cs2_server",
      "provider": "provider[\"registry.terraform.io/hashicorp/aws\"]",
      "instances": [
        {
          "schema_version": 1,
          "attributes": {
            "ami": "ami-0533a139e02b00be4",
            "arn": "arn:aws:ec2:sa-east-1:695166363681:instance/i-0c0ec536075348a24",
            "associate_public_ip_address": true,
            "availability_zone": "sa-east-1a",
            "capacity_reservation_specification": [
              {
                "capacity_reservation_preference": "open",
                "capacity_reservation_target": []
              }
            ],
            "cpu_core_count": 1,
            "cpu_options": [
              {
                "amd_sev_snp": "",
                "core_count": 1,
                "threads_per_core": 2
              }
            ],
            "cpu_threads_per_core": 2,
            "credit_specification": [
              {
                "cpu_credits": "unlimited"
              }
            ],
            "disable_api_stop": false,
            "disable_api_termination": false,
            "ebs_block_device": [],
            "ebs_optimized": false,
            "enable_primary_ipv6": null,
            "enclave_options": [
              {
                "enabled": false
              }
            ],
            "ephemeral_block_device": [],
            "get_password_data": false,
            "hibernation": false,
            "host_id": "",
            "host_resource_group_arn": null,
            "iam_instance_profile": "cs2-ec2-profile",
            "id": "i-0c0ec536075348a24",
            "instance_initiated_shutdown_behavior": "stop",
            "instance_lifecycle": "",
            "instance_market_options": [],
            "instance_state": "running",
            "instance_type": "t3.medium",
            "ipv6_address_count": 0,
            "ipv6_addresses": [],
            "key_name": "cs2-server-key",
            "launch_template": [],
            "maintenance_options": [
              {
                "auto_recovery": "default"
              }
            ],
            "metadata_options": [
              {
                "http_endpoint": "enabled",
                "http_protocol_ipv6": "disabled",
                "http_put_response_hop_limit": 1,
                "http_tokens": "optional",
                "instance_metadata_tags": "disabled"
              }
            ],
            "monitoring": false,
            "network_interface": [],
            "outpost_arn": "",
            "password_data": "",
            "placement_group": "",
            "placement_partition_number": 0,
            "primary_network_interface_id": "eni-0e3e295670f25e6f6",
            "private_dns": "ip-10-0-1-219.sa-east-1.compute.internal",
            "private_dns_name_options": [
              {
                "enable_resource_name_dns_a_record": false,
                "enable_resource_name_dns_aaaa_record": false,
                "hostname_type": "ip-name"
              }
            ],
            "private_ip": "10.0.1.219",
            "public_dns": "ec2-18-230-59-130.sa-east-1.compute.amazonaws.com",
            "public_ip": "18.230.59.130",
            "root_block_device": [
              {
                "delete_on_termination": true,
                "device_name": "/dev/sda1",
                "encrypted": false,
                "iops": 3000,
                "kms_key_id": "",
                "tags": null,
                "tags_all": {},
                "throughput": 125,
                "volume_id": "vol-0610fae5d95dcc2f1",
                "volume_size": 120,
                "volume_type": "gp3"
              }
            ],
            "secondary_private_ips": [],
            "security_groups": [],
            "source_dest_check": true,
            "spot_instance_request_id": "",
            "subnet_id": "subnet-0ec02e4d73b8c0b56",
            "tags": {
              "Name": "CS2-Dedicated-Server"
            },
            "tags_all": {
              "Name": "CS2-Dedicated-Server"
            },
            "tenancy": "default",
            "timeouts": null,
            "user_data": "4be6bc96e2e15b1c5adce3912f191b2a6b127c80",
            "user_data_base64": null,
            "user_data_replace_on_change": false,
            "volume_tags": null,
            "vpc_security_group_ids": [
              "sg-09d0941348a15a144"
            ]
          },
          "sensitive_attributes": [
            [
              {
                "type": "get_attr",
                "value": "user_data"
              }
            ]
          ],
          "identity_schema_version": 0,
          "private": "eyJlMmJmYjczMC1lY2FhLTExZTYtOGY4OC0zNDM2M2JjN2M0YzAiOnsiY3JlYXRlIjo2MDAwMDAwMDAwMDAsImRlbGV0ZSI6MTIwMDAwMDAwMDAwMCwicmVhZCI6OTAwMDAwMDAwMDAwLCJ1cGRhdGUiOjYwMDAwMDAwMDAwMH0sInNjaGVtYV92ZXJzaW9uIjoiMSJ9",
          "dependencies": [
            "aws_iam_instance_profile.ec2_profile",
            "aws_iam_role.ec2_s3_role",
            "aws_key_pair.cs2_key_pair",
            "aws_s3_bucket.cs2_backups",
            "aws_security_group.cs2_sg",
            "aws_subnet.cs2_subnet",
            "aws_vpc.cs2_vpc",
            "data.aws_ami.ubuntu",
            "data.http.my_ip",
            "tls_private_key.cs2_key"
          ]
        }
      ]
    },
    {
      "mode": "managed",
      "type": "aws_internet_gateway",
      "name": "cs2_igw",
      "provider": "provider[\"registry.terraform.io/hashicorp/aws\"]",
      "instances": [
        {
          "schema_version": 0,
          "attributes": {
            "arn": "arn:aws:ec2:sa-east-1:695166363681:internet-gateway/igw-059c770438622f37f",
            "id": "igw-059c770438622f37f",
            "owner_id": "695166363681",
            "tags": null,
            "tags_all": {},
            "timeouts": null,
            "vpc_id": "vpc-0efc762b1fe14993d"
          },
          "sensitive_attributes": [],
          "identity_schema_version": 0,
          "private": "eyJlMmJmYjczMC1lY2FhLTExZTYtOGY4OC0zNDM2M2JjN2M0YzAiOnsiY3JlYXRlIjoxMjAwMDAwMDAwMDAwLCJkZWxldGUiOjEyMDAwMDAwMDAwMDAsInVwZGF0ZSI6MTIwMDAwMDAwMDAwMH19",
          "dependencies": [
            "aws_vpc.cs2_vpc"
          ]
        }
      ]
    },
    {
      "mode": "managed",
      "type": "aws_key_pair",
      "name": "cs2_key_pair",
      "provider": "provider[\"registry.terraform.io/hashicorp/aws\"]",
      "instances": [
        {
          "schema_version": 1,
          "attributes": {
            "arn": "arn:aws:ec2:sa-east-1:695166363681:key-pair/cs2-server-key",
            "fingerprint": "61:a4:d5:6a:05:80:8e:6a:fd:10:88:52:58:e9:53:95",
            "id": "cs2-server-key",
            "key_name": "cs2-server-key",
            "key_name_prefix": "",
            "key_pair_id": "key-05eb7eb686e6cce4d",
            "key_type": "rsa",
            "public_key": "ssh-rsa AAAAB3NzaC1yc2EAAAADAQABAAACAQDEfTTgB197hkbnPpf6JN5eaO7W+Ri+Efl+VQKjBo0emaXd/WweFgiS9oVj6i/y+quQOtJmmkntkR7X3A2xFRcCfc9xFDRB5GXyACvHBOHmVrXynRRUgo/heusqmOISlNlWpj/hZ++TzjjUpKSxP28LxB5x8jhBc3kv5HO+TNQGjMyPqj5m1UxrnuocxvXptzJxC9ZONMff+laYMNyj220R7UN66Db7cORGOsJ8JviOA1HYMSlqAreN3RDMpyiy9wOuZ4dYgGm/7+hxjGCNLBBLAk7YT/aZDS6dNJymkSUlHb3CB4sIIlz8fATnmXcRHfSdJhRMOyLL97Z/jtaaA5Xone+hEgNbY0ncfytonJnG0Ky4G54IrAMvslOcyX9z+5RzvxGONHQnsmy71zp4xMDujle45ayD1WWX2/c2g6wm3J/LW/VgbhgV/nzR4HirlJQiiGrkG92Fh9alTS9PNcjaiN8xZFAWXP5ehald07V5iu8nbny6WDJ8X9ftxARX4g5hUfdXIOUbf53Ru+OkGEudB3KjlSXfsPAx0BS+qxqqYHnXXXVuvQMC6c10o/JD+XjmVfxkY+lyc1PxomolRGNRVWibapDMJ03g7ZEJ7fhCDQo7qZV1Yb2wwRcSvXb+5vNX+uiDoJTU81ITCxgRRpvZSkRwHWVVWoiQQbb6ktTBYw==",
            "tags": null,
            "tags_all": {}
          },
          "sensitive_attributes": [],
          "identity_schema_version": 0,
          "private": "eyJzY2hlbWFfdmVyc2lvbiI6IjEifQ==",
          "dependencies": [
            "tls_private_key.cs2_key"
          ]
        }
      ]
    },
    {
      "mode": "managed",
      "type": "aws_route_table",
      "name": "cs2_rt",
      "provider": "provider[\"registry.terraform.io/hashicorp/aws\"]",
      "instances": [
        {
          "schema_version": 0,
          "attributes": {
            "arn": "arn:aws:ec2:sa-east-1:695166363681:route-table/rtb-019d79f7d81a6f891",
            "id": "rtb-019d79f7d81a6f891",
            "owner_id": "695166363681",
            "propagating_vgws": [],
            "route": [
              {
                "carrier_gateway_id": "",
                "cidr_block": "0.0.0.0/0",
                "core_network_arn": "",
                "destination_prefix_list_id": "",
                "egress_only_gateway_id": "",
                "gateway_id": "igw-059c770438622f37f",
                "ipv6_cidr_block": "",
                "local_gateway_id": "",
                "nat_gateway_id": "",
                "network_interface_id": "",
                "transit_gateway_id": "",
                "vpc_endpoint_id": "",
                "vpc_peering_connection_id": ""
              }
            ],
            "tags": null,
            "tags_all": {},
            "timeouts": null,
            "vpc_id": "vpc-0efc762b1fe14993d"
          },
          "sensitive_attributes": [],
          "identity_schema_version": 0,
          "private": "eyJlMmJmYjczMC1lY2FhLTExZTYtOGY4OC0zNDM2M2JjN2M0YzAiOnsiY3JlYXRlIjozMDAwMDAwMDAwMDAsImRlbGV0ZSI6MzAwMDAwMDAwMDAwLCJ1cGRhdGUiOjEyMDAwMDAwMDAwMH19",
          "dependencies": [
            "aws_internet_gateway.cs2_igw",
            "aws_vpc.cs2_vpc"
          ]
        }
      ]
    },
    {
      "mode": "managed",
      "type": "aws_route_table_association",
      "name": "cs2_rta",
      "provider": "provider[\"registry.terraform.io/hashicorp/aws\"]",
      "instances": [
        {
          "schema_version": 0,
          "attributes": {
            "gateway_id": "",
            "id": "rtbassoc-0c656a02d6194dcaf",
            "route_table_id": "rtb-019d79f7d81a6f891",
            "subnet_id": "subnet-0ec02e4d73b8c0b56",
            "timeouts": null
          },
          "sensitive_attributes": [],
          "identity_schema_version": 0,
          "private": "eyJlMmJmYjczMC1lY2FhLTExZTYtOGY4OC0zNDM2M2JjN2M0YzAiOnsiY3JlYXRlIjozMDAwMDAwMDAwMDAsImRlbGV0ZSI6MzAwMDAwMDAwMDAwLCJ1cGRhdGUiOjEyMDAwMDAwMDAwMH19",
          "dependencies": [
            "aws_internet_gateway.cs2_igw",
            "aws_route_table.cs2_rt",
            "aws_subnet.cs2_subnet",
            "aws_vpc.cs2_vpc"
          ]
        }
      ]
    },
    {
      "mode": "managed",
      "type": "aws_s3_bucket",
      "name": "cs2_backups",
      "provider": "provider[\"registry.terraform.io/hashicorp/aws\"]",
      "instances": [
        {
          "schema_version": 0,
          "attributes": {
            "acceleration_status": "",
            "acl": null,
            "arn": "arn:aws:s3:::cs2-server-backups-20260128225704327500000001",
            "bucket": "cs2-server-backups-20260128225704327500000001",
            "bucket_domain_name": "cs2-server-backups-20260128225704327500000001.s3.amazonaws.com",
            "bucket_prefix": "cs2-server-backups-",
            "bucket_regional_domain_name": "cs2-server-backups-20260128225704327500000001.s3.sa-east-1.amazonaws.com",
            "cors_rule": [],
            "force_destroy": false,
            "grant": [
              {
                "id": "d528dc4d66781619916f751475bc099cd265b7febc341a5d02c6111a05751b1e",
                "permissions": [
                  "FULL_CONTROL"
                ],
                "type": "CanonicalUser",
                "uri": ""
              }
            ],
            "hosted_zone_id": "Z7KQH4QJS55SO",
            "id": "cs2-server-backups-20260128225704327500000001",
            "lifecycle_rule": [],
            "logging": [],
            "object_lock_configuration": [],
            "object_lock_enabled": false,
            "policy": "",
            "region": "sa-east-1",
            "replication_configuration": [],
            "request_payer": "BucketOwner",
            "server_side_encryption_configuration": [
              {
                "rule": [
                  {
                    "apply_server_side_encryption_by_default": [
                      {
                        "kms_master_key_id": "",
                        "sse_algorithm": "AES256"
                      }
                    ],
                    "bucket_key_enabled": false
                  }
                ]
              }
            ],
            "tags": null,
            "tags_all": {},
            "timeouts": null,
            "versioning": [
              {
                "enabled": false,
                "mfa_delete": false
              }
            ],
            "website": [],
            "website_domain": null,
            "website_endpoint": null
          },
          "sensitive_attributes": [],
          "identity_schema_version": 0,
          "private": "eyJlMmJmYjczMC1lY2FhLTExZTYtOGY4OC0zNDM2M2JjN2M0YzAiOnsiY3JlYXRlIjoxMjAwMDAwMDAwMDAwLCJkZWxldGUiOjM2MDAwMDAwMDAwMDAsInJlYWQiOjEyMDAwMDAwMDAwMDAsInVwZGF0ZSI6MTIwMDAwMDAwMDAwMH19"
        }
      ]
    },
    {
      "mode": "managed",
      "type": "aws_security_group",
      "name": "cs2_sg",
      "provider": "provider[\"registry.terraform.io/hashicorp/aws\"]",
      "instances": [
        {
          "schema_version": 1,
          "attributes": {
            "arn": "arn:aws:ec2:sa-east-1:695166363681:security-group/sg-09d0941348a15a144",
            "description": "Regras de rede para o servidor de CS2",
            "egress": [
              {
                "cidr_blocks": [
                  "0.0.0.0/0"
                ],
                "description": "",
                "from_port": 0,
                "ipv6_cidr_blocks": [],
                "prefix_list_ids": [],
                "protocol": "-1",
                "security_groups": [],
                "self": false,
                "to_port": 0
              }
            ],
            "id": "sg-09d0941348a15a144",
            "ingress": [
              {
                "cidr_blocks": [
                  "0.0.0.0/0"
                ],
                "description": "Autenticacao Steam",
                "from_port": 27000,
                "ipv6_cidr_blocks": [],
                "prefix_list_ids": [],
                "protocol": "udp",
                "security_groups": [],
                "self": false,
                "to_port": 27020
              },
              {
                "cidr_blocks": [
                  "0.0.0.0/0"
                ],
                "description": "Steam Auth e RCON",
                "from_port": 27015,
                "ipv6_cidr_blocks": [],
                "prefix_list_ids": [],
                "protocol": "tcp",
                "security_groups": [],
                "self": false,
                "to_port": 27015
              },
              {
                "cidr_blocks": [
                  "0.0.0.0/0"
                ],
                "description": "Trafego de jogo CS2",
                "from_port": 27015,
                "ipv6_cidr_blocks": [],
                "prefix_list_ids": [],
                "protocol": "udp",
                "security_groups": [],
                "self": false,
                "to_port": 27015
              },
              {
                "cidr_blocks": [
                  "179.130.41.241/32"
                ],
                "description": "SSH restrito ao administrador",
                "from_port": 22,
                "ipv6_cidr_blocks": [],
                "prefix_list_ids": [],
                "protocol": "tcp",
                "security_groups": [],
                "self": false,
                "to_port": 22
              }
            ],
            "name": "cs2-server-sg",
            "name_prefix": "",
            "owner_id": "695166363681",
            "revoke_rules_on_delete": false,
            "tags": null,
            "tags_all": {},
            "timeouts": null,
            "vpc_id": "vpc-0efc762b1fe14993d"
          },
          "sensitive_attributes": [],
          "identity_schema_version": 0,
          "private": "eyJlMmJmYjczMC1lY2FhLTExZTYtOGY4OC0zNDM2M2JjN2M0YzAiOnsiY3JlYXRlIjo2MDAwMDAwMDAwMDAsImRlbGV0ZSI6OTAwMDAwMDAwMDAwfSwic2NoZW1hX3ZlcnNpb24iOiIxIn0=",
          "dependencies": [
            "aws_vpc.cs2_vpc",
            "data.http.my_ip"
          ]
        }
      ]
    },
    {
      "mode": "managed",
      "type": "aws_subnet",
      "name": "cs2_subnet",
      "provider": "provider[\"registry.terraform.io/hashicorp/aws\"]",
      "instances": [
        {
          "schema_version": 1,
          "attributes": {
            "arn": "arn:aws:ec2:sa-east-1:695166363681:subnet/subnet-0ec02e4d73b8c0b56",
            "assign_ipv6_address_on_creation": false,
            "availability_zone": "sa-east-1a",
            "availability_zone_id": "sae1-az1",
            "cidr_block": "10.0.1.0/24",
            "customer_owned_ipv4_pool": "",
            "enable_dns64": false,
            "enable_lni_at_device_index": 0,
            "enable_resource_name_dns_a_record_on_launch": false,
            "enable_resource_name_dns_aaaa_record_on_launch": false,
            "id": "subnet-0ec02e4d73b8c0b56",
            "ipv6_cidr_block": "",
            "ipv6_cidr_block_association_id": "",
            "ipv6_native": false,
            "map_customer_owned_ip_on_launch": false,
            "map_public_ip_on_launch": true,
            "outpost_arn": "",
            "owner_id": "695166363681",
            "private_dns_hostname_type_on_launch": "ip-name",
            "tags": null,
            "tags_all": {},
            "timeouts": null,
            "vpc_id": "vpc-0efc762b1fe14993d"
          },
          "sensitive_attributes": [],
          "identity_schema_version": 0,
          "private": "eyJlMmJmYjczMC1lY2FhLTExZTYtOGY4OC0zNDM2M2JjN2M0YzAiOnsiY3JlYXRlIjo2MDAwMDAwMDAwMDAsImRlbGV0ZSI6MTIwMDAwMDAwMDAwMH0sInNjaGVtYV92ZXJzaW9uIjoiMSJ9",
          "dependencies": [
            "aws_vpc.cs2_vpc"
          ]
        }
      ]
    },
    {
      "mode": "managed",
      "type": "aws_vpc",
      "name": "cs2_vpc",
      "provider": "provider[\"registry.terraform.io/hashicorp/aws\"]",
      "instances": [
        {
          "schema_version": 1,
          "attributes": {
            "arn": "arn:aws:ec2:sa-east-1:695166363681:vpc/vpc-0efc762b1fe14993d",
            "assign_generated_ipv6_cidr_block": false,
            "cidr_block": "10.0.0.0/16",
            "default_network_acl_id": "acl-0854a61433e59882b",
            "default_route_table_id": "rtb-0c0dec085063891bd",
            "default_security_group_id": "sg-06b2ae9d33e2b4d1a",
            "dhcp_options_id": "dopt-0c0bfb2f54855d4d1",
            "enable_dns_hostnames": true,
            "enable_dns_support": true,
            "enable_network_address_usage_metrics": false,
            "id": "vpc-0efc762b1fe14993d",
            "instance_tenancy": "default",
            "ipv4_ipam_pool_id": null,
            "ipv4_netmask_length": null,
            "ipv6_association_id": "",
            "ipv6_cidr_block": "",
            "ipv6_cidr_block_network_border_group": "",
            "ipv6_ipam_pool_id": "",
            "ipv6_netmask_length": 0,
            "main_route_table_id": "rtb-0c0dec085063891bd",
            "owner_id": "695166363681",
            "tags": {
              "Name": "cs2-vpc"
            },
            "tags_all": {
              "Name": "cs2-vpc"
            }
          },
          "sensitive_attributes": [],
          "identity_schema_version": 0,
          "private": "eyJzY2hlbWFfdmVyc2lvbiI6IjEifQ=="
        }
      ]
    },
    {
      "mode": "managed",
      "type": "local_file",
      "name": "private_key",
      "provider": "provider[\"registry.terraform.io/hashicorp/local\"]",
      "instances": [
        {
          "schema_version": 0,
          "attributes": {
            "content": "-----BEGIN RSA PRIVATE KEY-----\nMIIJKQIBAAKCAgEAxH004Adfe4ZG5z6X+iTeXmju1vkYvhH5flUCowaNHpml3f1s\nHhYIkvaFY+ov8vqrkDrSZppJ7ZEe19wNsRUXAn3PcRQ0QeRl8gArxwTh5la18p0U\nVIKP4XrrKpjiEpTZVqY/4Wfvk8441KSksT9vC8QecfI4QXN5L+RzvkzUBozMj6o+\nZtVMa57qHMb16bcycQvWTjTH3/pWmDDco9ttEe1Deug2+3DkRjrCfCb4jgNR2DEp\nagK3jd0QzKcosvcDrmeHWIBpv+/ocYxgjSwQSwJO2E/2mQ0unTScppElJR29wgeL\nCCJc/HwE55l3ER30nSYUTDsiy/e2f47WmgOV6J3voRIDW2NJ3H8raJyZxtCsuBue\nCKwDL7JTnMl/c/uUc78RjjR0J7Jsu9c6eMTA7o5XuOWsg9Vll9v3NoOsJtyfy1v1\nYG4YFf580eB4q5SUIohq5BvdhYfWpU0vTzXI2ojfMWRQFlz+XoWpXdO1eYrvJ258\nulgyfF/X7cQEV+IOYVH3VyDlG3+d0bvjpBhLnQdyo5Ul37DwMdAUvqsaqmB51111\nbr0DAunNdKPyQ/l45lX8ZGPpcnNT8aJqJURjUVVom2qQzCdN4O2RCe34Qg0KO6mV\ndWG9sMEXEr12/ubzV/rog6CU1PNSEwsYEUab2UpEcB1lVVqIkEG2+pLUwWMCAwEA\nAQKCAgAqa09xeBYEgGIpRSmhPrllD2lUrrVJP28p92dY066+pvQYnz/qpN4YADGe\n9u2AGt7UBebrcK66I4TRnDe2fbOYfZm9s1tuyES8AI5y6lpslFa2eHPtpLw0NQm1\nCglwcoMTQlPzMTGXKsO5IIxPmb66/w2FkwHTG39TuBHGySZS/a2h7GKJZ84WQ9oN\n+WQYn0y7/A65lop6D70HITFZDKOY5ayWSbCpCt+1S7U2AWHSouPV9RMYSFrhPRMF\n46aVMF+ylLYzBJIP9larwN8NSzB/SRHFgEngE+j21mdlTFuFDk0rqN46lNSXS5zx\ndP+wCdQH4zMpm/CwsRtMoYUx/cksa+2nQS/3XPlyyu6iqbitgC1Aufr/CAj7VVmn\n3oeW5fGgpCrTJIiLHsj6tRD/fseYl1ColiK2l9LBOJIvvy3xVRj+Qo8X0gm5CelW\nwkrTPYX7jSXscX7mvNSHcyNzuWV6LvmDPkZJVlU7KOVJTwCRMMo841wP5g/W65MD\n2uTY3ZQiD1NPQgV7K/N75DldZB3cGmt9Xeo+fKTJmvIa8WXPXlhsSbtm2NgU5/pU\nR77CKqj7WA/JoG4iQsmkWr+mZcevSZPXW6uJUElH6GoKDYA9Y4tcF86LsGbzeeZw\nHnikNMLu6uaNX0HsWlZFgm3DUrUGQNdpO5hzrGoMvIbGfK7LuQKCAQEA/aWRDlJ/\nXX+pRFyj6t6C/v6CqOatQyvQLhng2i/XUX1xVHsXVD0V6+8ZA5W0Um+CzGBvcXg1\nhYDuRnXGCEov88N64fbUAKH9CwNlFx81Wk6TKoX5Z7hJzOQOyuuqlUPupiy5/9YM\nXeaqOks8FSKW2MqFGX0URc0LlutMUkVdYvuFpIpwUpX45As+gp6tCLu8xcuWMTAC\nC/ZTG0rVEGNsatmmJKlFJJ3No3LAWaRRSNuKUfQd0VXaUVFdUTYrRUxkNe4xDoyk\nGSxE8TwFZw9PXjaUoxIfirD6GaS5W4R4KXTyqxmjimiLYpYy5tBcMfYesnL6MwZ/\n88UVw28iCZpf2QKCAQEAxk/irJxJMUy98qtGkKZfIl/NFDME1Ia48GZCS8MPipHt\nlcc7Bi57LL77XizN7oVvEgkXzuvRa0WZYAf2Aey3bUPb0N2C711qiJZj2IdUORwU\nIvs06rXHx/PEm9nCvOL7BZi0t1iCXP00v70oHgVQ8/XnVwj6/im/3YZ5cMrchn39\nK3gXUYMNRG4XgO8r2YnYx1Y7MAUqdrI7bHIo3obYahAlKykQSWPdWNLlikrfqB3x\nYRPHqKVwudrcZVLAXnXfSRdxj4EH83NFqmwmtJdrWrRIzIwMLA+QwmPPeS8jJ1uk\ntNOHkPFtH761wy8Tv3buFNNCdOb3Zu5y0fSGELfhmwKCAQAc5EQOlpUNaGI2eDrv\noOLY+tKVPJlVwmLXLXlwQOzMynYjQlYY8VBS7Iwz3VSJ40vJzd5D1YZ7K4F4oyeo\ngBLQOF8B6CSj4c+59mwIYzSnkbWvrU0IZHR7kyqgMJHgqLlBUmzpWE9WTtTrCPDS\nE3uNPBxHF/k8Liv4x9qMsHv/r1i8skwzDAQqraE0LbDWAtRwz0zPU4GYLTmwLSjx\n0fFihmInYOSQVC09Re/lBhOAMgmiZiUTWC0jABqaCoqJPTdY8UXDO3/hoipENCsF\nXzgSKjNqE8FmAdyrGRlH9GHfjwOpO6VmOZxO4X7wzaECy98ZQoF/WGkwsi1Vco40\n+9GZAoIBAQCY5HgveiLX9oGvuSsjVJGeL9wtyZPcwq2M8loEjTPLMuzIgBzajDV8\n7xVfqw1t6sQSVJ5dcuQ3XyZ7qkeZfkaA4EN2CYHsR8pd2gzKoLNngGVp/uDyYAnR\n9/fJ7J6+AAVmcDBL9tozFSh49z4ZvyGFpT2hlZPlJoz9HrM8KbrRmgr5W5ImzvII\noxRN3JejFSrjrHDfeeweLRWxa2ZlAfOR+jadyv/6hRrfY2GDOGys8cDqhlR1im+Z\naspm9+DGMvxeHsv3xpQ5ttKsLMu+ictD2CEUSpkL00hZBpirppLkwjv/CeLH9cqb\nIe6CuCXyhJ/TwHjJJlTxr78obex6sTonAoIBAQC7qS/1mzFi0rsrNfZ4Ro4w2SvJ\nrIRY1aOiaKbdBT6OX5eqApNyLrw2zyEWwyZa8WkCV2itsbfqKGVt2t/hMVNST1Oz\nvyYW0XEUTd7Mgt2wUxLMu1qce1qwMNcCPkomVoPaccEFjIWlWDA+ETEnexwzV6nr\nALRYpMUxlMV3JRjVldhEblLeZXr/9mNx4noa/mYV9oZWofUDX5g4qRxaYmDFFAxS\n5+AsltclZ4+KxYBHgT8l35jKKADQJ5YKuD3DOgG27XVFbQ+YFueKAnqr928CREI6\nZw8eaWJ5qMCfdBHYUTA8GFBUER1NqI4psV/9yvkzf+YIs7EDag3DIO9Vldkc\n-----END RSA PRIVATE KEY-----\n",
            "content_base64": null,
            "content_base64sha256": "Hrh8Vge6Nn2eKA4jqUCttVc3w6Az/RyaTFmbacI/JXs=",
            "content_base64sha512": "ZGw+dfqOtIvOFVxnMVCPISut/cqPcj9aZxkPRoERegAABOocvjYQVE9iS/vVOwayVuU4ObaOajsiKBr+ZY3Agw==",
            "content_md5": "cabe18e09dda4ecf8a84b70812cdabb7",
            "content_sha1": "c6b761746729a41aec15daefbbc3df7f5db44d43",
            "content_sha256": "1eb87c5607ba367d9e280e23a940adb55737c3a033fd1c9a4c599b69c23f257b",
            "content_sha512": "646c3e75fa8eb48bce155c6731508f212badfdca8f723f5a67190f4681117a000004ea1cbe3610544f624bfbd53b06b256e53839b68e6a3b22281afe658dc083",
            "directory_permission": "0777",
            "file_permission": "0400",
            "filename": "./cs2-server-key.pem",
            "id": "c6b761746729a41aec15daefbbc3df7f5db44d43",
            "sensitive_content": null,
            "source": null
          },
          "sensitive_attributes": [
            [
              {
                "type": "get_attr",
                "value": "content"
              }
            ],
            [
              {
                "type": "get_attr",
                "value": "sensitive_content"
              }
            ]
          ],
          "identity_schema_version": 0,
          "dependencies": [
            "tls_private_key.cs2_key"
          ]
        }
      ]
    },
    {
      "mode": "managed",
      "type": "tls_private_key",
      "name": "cs2_key",
      "provider": "provider[\"registry.terraform.io/hashicorp/tls\"]",
      "instances": [
        {
          "schema_version": 1,
          "attributes": {
            "algorithm": "RSA",
            "ecdsa_curve": "P224",
            "id": "c1719639b9b4b90f87c357af1f9ec3938dd2be4b",
            "private_key_openssh": "-----BEGIN OPENSSH PRIVATE KEY-----\nb3BlbnNzaC1rZXktdjEAAAAABG5vbmUAAAAEbm9uZQAAAAAAAAABAAACFwAAAAdz\nc2gtcnNhAAAAAwEAAQAAAgEAxH004Adfe4ZG5z6X+iTeXmju1vkYvhH5flUCowaN\nHpml3f1sHhYIkvaFY+ov8vqrkDrSZppJ7ZEe19wNsRUXAn3PcRQ0QeRl8gArxwTh\n5la18p0UVIKP4XrrKpjiEpTZVqY/4Wfvk8441KSksT9vC8QecfI4QXN5L+RzvkzU\nBozMj6o+ZtVMa57qHMb16bcycQvWTjTH3/pWmDDco9ttEe1Deug2+3DkRjrCfCb4\njgNR2DEpagK3jd0QzKcosvcDrmeHWIBpv+/ocYxgjSwQSwJO2E/2mQ0unTScppEl\nJR29wgeLCCJc/HwE55l3ER30nSYUTDsiy/e2f47WmgOV6J3voRIDW2NJ3H8raJyZ\nxtCsuBueCKwDL7JTnMl/c/uUc78RjjR0J7Jsu9c6eMTA7o5XuOWsg9Vll9v3NoOs\nJtyfy1v1YG4YFf580eB4q5SUIohq5BvdhYfWpU0vTzXI2ojfMWRQFlz+XoWpXdO1\neYrvJ258ulgyfF/X7cQEV+IOYVH3VyDlG3+d0bvjpBhLnQdyo5Ul37DwMdAUvqsa\nqmB51111br0DAunNdKPyQ/l45lX8ZGPpcnNT8aJqJURjUVVom2qQzCdN4O2RCe34\nQg0KO6mVdWG9sMEXEr12/ubzV/rog6CU1PNSEwsYEUab2UpEcB1lVVqIkEG2+pLU\nwWMAAAc4seaF7LHmhewAAAAHc3NoLXJzYQAAAgEAxH004Adfe4ZG5z6X+iTeXmju\n1vkYvhH5flUCowaNHpml3f1sHhYIkvaFY+ov8vqrkDrSZppJ7ZEe19wNsRUXAn3P\ncRQ0QeRl8gArxwTh5la18p0UVIKP4XrrKpjiEpTZVqY/4Wfvk8441KSksT9vC8Qe\ncfI4QXN5L+RzvkzUBozMj6o+ZtVMa57qHMb16bcycQvWTjTH3/pWmDDco9ttEe1D\neug2+3DkRjrCfCb4jgNR2DEpagK3jd0QzKcosvcDrmeHWIBpv+/ocYxgjSwQSwJO\n2E/2mQ0unTScppElJR29wgeLCCJc/HwE55l3ER30nSYUTDsiy/e2f47WmgOV6J3v\noRIDW2NJ3H8raJyZxtCsuBueCKwDL7JTnMl/c/uUc78RjjR0J7Jsu9c6eMTA7o5X\nuOWsg9Vll9v3NoOsJtyfy1v1YG4YFf580eB4q5SUIohq5BvdhYfWpU0vTzXI2ojf\nMWRQFlz+XoWpXdO1eYrvJ258ulgyfF/X7cQEV+IOYVH3VyDlG3+d0bvjpBhLnQdy\no5Ul37DwMdAUvqsaqmB51111br0DAunNdKPyQ/l45lX8ZGPpcnNT8aJqJURjUVVo\nm2qQzCdN4O2RCe34Qg0KO6mVdWG9sMEXEr12/ubzV/rog6CU1PNSEwsYEUab2UpE\ncB1lVVqIkEG2+pLUwWMAAAADAQABAAACACprT3F4FgSAYilFKaE+uWUPaVSutUk/\nbyn3Z1jTrr6m9BifP+qk3hgAMZ727YAa3tQF5utwrrojhNGcN7Z9s5h9mb2zW27I\nRLwAjnLqWmyUVrZ4c+2kvDQ1CbUKCXBygxNCU/MxMZcqw7kgjE+Zvrr/DYWTAdMb\nf1O4EcbJJlL9raHsYolnzhZD2g35ZBifTLv8DrmWinoPvQchMVkMo5jlrJZJsKkK\n37VLtTYBYdKi49X1ExhIWuE9EwXjppUwX7KUtjMEkg/2VqvA3w1LMH9JEcWASeAT\n6PbWZ2VMW4UOTSuo3jqU1JdLnPF0/7AJ1AfjMymb8LCxG0yhhTH9ySxr7adBL/dc\n+XLK7qKpuK2ALUC5+v8ICPtVWafeh5bl8aCkKtMkiIseyPq1EP9+x5iXUKiWIraX\n0sE4ki+/LfFVGP5CjxfSCbkJ6VbCStM9hfuNJexxfua81IdzI3O5ZXou+YM+RklW\nVTso5UlPAJEwyjzjXA/mD9brkwPa5NjdlCIPU09CBXsr83vkOV1kHdwaa31d6j58\npMma8hrxZc9eWGxJu2bY2BTn+lRHvsIqqPtYD8mgbiJCyaRav6Zlx69Jk9dbq4lQ\nSUfoagoNgD1ji1wXzouwZvN55nAeeKQ0wu7q5o1fQexaVkWCbcNStQZA12k7mHOs\nagy8hsZ8rsu5AAABAQC7qS/1mzFi0rsrNfZ4Ro4w2SvJrIRY1aOiaKbdBT6OX5eq\nApNyLrw2zyEWwyZa8WkCV2itsbfqKGVt2t/hMVNST1OzvyYW0XEUTd7Mgt2wUxLM\nu1qce1qwMNcCPkomVoPaccEFjIWlWDA+ETEnexwzV6nrALRYpMUxlMV3JRjVldhE\nblLeZXr/9mNx4noa/mYV9oZWofUDX5g4qRxaYmDFFAxS5+AsltclZ4+KxYBHgT8l\n35jKKADQJ5YKuD3DOgG27XVFbQ+YFueKAnqr928CREI6Zw8eaWJ5qMCfdBHYUTA8\nGFBUER1NqI4psV/9yvkzf+YIs7EDag3DIO9VldkcAAABAQD9pZEOUn9df6lEXKPq\n3oL+/oKo5q1DK9AuGeDaL9dRfXFUexdUPRXr7xkDlbRSb4LMYG9xeDWFgO5GdcYI\nSi/zw3rh9tQAof0LA2UXHzVaTpMqhflnuEnM5A7K66qVQ+6mLLn/1gxd5qo6SzwV\nIpbYyoUZfRRFzQuW60xSRV1i+4WkinBSlfjkCz6Cnq0Iu7zFy5YxMAIL9lMbStUQ\nY2xq2aYkqUUknc2jcsBZpFFI24pR9B3RVdpRUV1RNitFTGQ17jEOjKQZLETxPAVn\nD09eNpSjEh+KsPoZpLlbhHgpdPKrGaOKaItiljLm0Fwx9h6ycvozBn/zxRXDbyIJ\nml/ZAAABAQDGT+KsnEkxTL3yq0aQpl8iX80UMwTUhrjwZkJLww+Kke2VxzsGLnss\nvvteLM3uhW8SCRfO69FrRZlgB/YB7LdtQ9vQ3YLvXWqIlmPYh1Q5HBQi+zTqtcfH\n88Sb2cK84vsFmLS3WIJc/TS/vSgeBVDz9edXCPr+Kb/dhnlwytyGff0reBdRgw1E\nbheA7yvZidjHVjswBSp2sjtscijehthqECUrKRBJY91Y0uWKSt+oHfFhE8eopXC5\n2txlUsBedd9JF3GPgQfzc0WqbCa0l2tatEjMjAwsD5DCY895LyMnW6S004eQ8W0f\nvrXDLxO/du4U00J05vdm7nLR9IYQt+GbAAAAAAEC\n-----END OPENSSH PRIVATE KEY-----\n",
            "private_key_pem": "-----BEGIN RSA PRIVATE KEY-----\nMIIJKQIBAAKCAgEAxH004Adfe4ZG5z6X+iTeXmju1vkYvhH5flUCowaNHpml3f1s\nHhYIkvaFY+ov8vqrkDrSZppJ7ZEe19wNsRUXAn3PcRQ0QeRl8gArxwTh5la18p0U\nVIKP4XrrKpjiEpTZVqY/4Wfvk8441KSksT9vC8QecfI4QXN5L+RzvkzUBozMj6o+\nZtVMa57qHMb16bcycQvWTjTH3/pWmDDco9ttEe1Deug2+3DkRjrCfCb4jgNR2DEp\nagK3jd0QzKcosvcDrmeHWIBpv+/ocYxgjSwQSwJO2E/2mQ0unTScppElJR29wgeL\nCCJc/HwE55l3ER30nSYUTDsiy/e2f47WmgOV6J3voRIDW2NJ3H8raJyZxtCsuBue\nCKwDL7JTnMl/c/uUc78RjjR0J7Jsu9c6eMTA7o5XuOWsg9Vll9v3NoOsJtyfy1v1\nYG4YFf580eB4q5SUIohq5BvdhYfWpU0vTzXI2ojfMWRQFlz+XoWpXdO1eYrvJ258\nulgyfF/X7cQEV+IOYVH3VyDlG3+d0bvjpBhLnQdyo5Ul37DwMdAUvqsaqmB51111\nbr0DAunNdKPyQ/l45lX8ZGPpcnNT8aJqJURjUVVom2qQzCdN4O2RCe34Qg0KO6mV\ndWG9sMEXEr12/ubzV/rog6CU1PNSEwsYEUab2UpEcB1lVVqIkEG2+pLUwWMCAwEA\nAQKCAgAqa09xeBYEgGIpRSmhPrllD2lUrrVJP28p92dY066+pvQYnz/qpN4YADGe\n9u2AGt7UBebrcK66I4TRnDe2fbOYfZm9s1tuyES8AI5y6lpslFa2eHPtpLw0NQm1\nCglwcoMTQlPzMTGXKsO5IIxPmb66/w2FkwHTG39TuBHGySZS/a2h7GKJZ84WQ9oN\n+WQYn0y7/A65lop6D70HITFZDKOY5ayWSbCpCt+1S7U2AWHSouPV9RMYSFrhPRMF\n46aVMF+ylLYzBJIP9larwN8NSzB/SRHFgEngE+j21mdlTFuFDk0rqN46lNSXS5zx\ndP+wCdQH4zMpm/CwsRtMoYUx/cksa+2nQS/3XPlyyu6iqbitgC1Aufr/CAj7VVmn\n3oeW5fGgpCrTJIiLHsj6tRD/fseYl1ColiK2l9LBOJIvvy3xVRj+Qo8X0gm5CelW\nwkrTPYX7jSXscX7mvNSHcyNzuWV6LvmDPkZJVlU7KOVJTwCRMMo841wP5g/W65MD\n2uTY3ZQiD1NPQgV7K/N75DldZB3cGmt9Xeo+fKTJmvIa8WXPXlhsSbtm2NgU5/pU\nR77CKqj7WA/JoG4iQsmkWr+mZcevSZPXW6uJUElH6GoKDYA9Y4tcF86LsGbzeeZw\nHnikNMLu6uaNX0HsWlZFgm3DUrUGQNdpO5hzrGoMvIbGfK7LuQKCAQEA/aWRDlJ/\nXX+pRFyj6t6C/v6CqOatQyvQLhng2i/XUX1xVHsXVD0V6+8ZA5W0Um+CzGBvcXg1\nhYDuRnXGCEov88N64fbUAKH9CwNlFx81Wk6TKoX5Z7hJzOQOyuuqlUPupiy5/9YM\nXeaqOks8FSKW2MqFGX0URc0LlutMUkVdYvuFpIpwUpX45As+gp6tCLu8xcuWMTAC\nC/ZTG0rVEGNsatmmJKlFJJ3No3LAWaRRSNuKUfQd0VXaUVFdUTYrRUxkNe4xDoyk\nGSxE8TwFZw9PXjaUoxIfirD6GaS5W4R4KXTyqxmjimiLYpYy5tBcMfYesnL6MwZ/\n88UVw28iCZpf2QKCAQEAxk/irJxJMUy98qtGkKZfIl/NFDME1Ia48GZCS8MPipHt\nlcc7Bi57LL77XizN7oVvEgkXzuvRa0WZYAf2Aey3bUPb0N2C711qiJZj2IdUORwU\nIvs06rXHx/PEm9nCvOL7BZi0t1iCXP00v70oHgVQ8/XnVwj6/im/3YZ5cMrchn39\nK3gXUYMNRG4XgO8r2YnYx1Y7MAUqdrI7bHIo3obYahAlKykQSWPdWNLlikrfqB3x\nYRPHqKVwudrcZVLAXnXfSRdxj4EH83NFqmwmtJdrWrRIzIwMLA+QwmPPeS8jJ1uk\ntNOHkPFtH761wy8Tv3buFNNCdOb3Zu5y0fSGELfhmwKCAQAc5EQOlpUNaGI2eDrv\noOLY+tKVPJlVwmLXLXlwQOzMynYjQlYY8VBS7Iwz3VSJ40vJzd5D1YZ7K4F4oyeo\ngBLQOF8B6CSj4c+59mwIYzSnkbWvrU0IZHR7kyqgMJHgqLlBUmzpWE9WTtTrCPDS\nE3uNPBxHF/k8Liv4x9qMsHv/r1i8skwzDAQqraE0LbDWAtRwz0zPU4GYLTmwLSjx\n0fFihmInYOSQVC09Re/lBhOAMgmiZiUTWC0jABqaCoqJPTdY8UXDO3/hoipENCsF\nXzgSKjNqE8FmAdyrGRlH9GHfjwOpO6VmOZxO4X7wzaECy98ZQoF/WGkwsi1Vco40\n+9GZAoIBAQCY5HgveiLX9oGvuSsjVJGeL9wtyZPcwq2M8loEjTPLMuzIgBzajDV8\n7xVfqw1t6sQSVJ5dcuQ3XyZ7qkeZfkaA4EN2CYHsR8pd2gzKoLNngGVp/uDyYAnR\n9/fJ7J6+AAVmcDBL9tozFSh49z4ZvyGFpT2hlZPlJoz9HrM8KbrRmgr5W5ImzvII\noxRN3JejFSrjrHDfeeweLRWxa2ZlAfOR+jadyv/6hRrfY2GDOGys8cDqhlR1im+Z\naspm9+DGMvxeHsv3xpQ5ttKsLMu+ictD2CEUSpkL00hZBpirppLkwjv/CeLH9cqb\nIe6CuCXyhJ/TwHjJJlTxr78obex6sTonAoIBAQC7qS/1mzFi0rsrNfZ4Ro4w2SvJ\nrIRY1aOiaKbdBT6OX5eqApNyLrw2zyEWwyZa8WkCV2itsbfqKGVt2t/hMVNST1Oz\nvyYW0XEUTd7Mgt2wUxLMu1qce1qwMNcCPkomVoPaccEFjIWlWDA+ETEnexwzV6nr\nALRYpMUxlMV3JRjVldhEblLeZXr/9mNx4noa/mYV9oZWofUDX5g4qRxaYmDFFAxS\n5+AsltclZ4+KxYBHgT8l35jKKADQJ5YKuD3DOgG27XVFbQ+YFueKAnqr928CREI6\nZw8eaWJ5qMCfdBHYUTA8GFBUER1NqI4psV/9yvkzf+YIs7EDag3DIO9Vldkc\n-----END RSA PRIVATE KEY-----\n",
            "private_key_pem_pkcs8": "-----BEGIN PRIVATE KEY-----\nMIIJQwIBADANBgkqhkiG9w0BAQEFAASCCS0wggkpAgEAAoICAQDEfTTgB197hkbn\nPpf6JN5eaO7W+Ri+Efl+VQKjBo0emaXd/WweFgiS9oVj6i/y+quQOtJmmkntkR7X\n3A2xFRcCfc9xFDRB5GXyACvHBOHmVrXynRRUgo/heusqmOISlNlWpj/hZ++TzjjU\npKSxP28LxB5x8jhBc3kv5HO+TNQGjMyPqj5m1UxrnuocxvXptzJxC9ZONMff+laY\nMNyj220R7UN66Db7cORGOsJ8JviOA1HYMSlqAreN3RDMpyiy9wOuZ4dYgGm/7+hx\njGCNLBBLAk7YT/aZDS6dNJymkSUlHb3CB4sIIlz8fATnmXcRHfSdJhRMOyLL97Z/\njtaaA5Xone+hEgNbY0ncfytonJnG0Ky4G54IrAMvslOcyX9z+5RzvxGONHQnsmy7\n1zp4xMDujle45ayD1WWX2/c2g6wm3J/LW/VgbhgV/nzR4HirlJQiiGrkG92Fh9al\nTS9PNcjaiN8xZFAWXP5ehald07V5iu8nbny6WDJ8X9ftxARX4g5hUfdXIOUbf53R\nu+OkGEudB3KjlSXfsPAx0BS+qxqqYHnXXXVuvQMC6c10o/JD+XjmVfxkY+lyc1Px\nomolRGNRVWibapDMJ03g7ZEJ7fhCDQo7qZV1Yb2wwRcSvXb+5vNX+uiDoJTU81IT\nCxgRRpvZSkRwHWVVWoiQQbb6ktTBYwIDAQABAoICACprT3F4FgSAYilFKaE+uWUP\naVSutUk/byn3Z1jTrr6m9BifP+qk3hgAMZ727YAa3tQF5utwrrojhNGcN7Z9s5h9\nmb2zW27IRLwAjnLqWmyUVrZ4c+2kvDQ1CbUKCXBygxNCU/MxMZcqw7kgjE+Zvrr/\nDYWTAdMbf1O4EcbJJlL9raHsYolnzhZD2g35ZBifTLv8DrmWinoPvQchMVkMo5jl\nrJZJsKkK37VLtTYBYdKi49X1ExhIWuE9EwXjppUwX7KUtjMEkg/2VqvA3w1LMH9J\nEcWASeAT6PbWZ2VMW4UOTSuo3jqU1JdLnPF0/7AJ1AfjMymb8LCxG0yhhTH9ySxr\n7adBL/dc+XLK7qKpuK2ALUC5+v8ICPtVWafeh5bl8aCkKtMkiIseyPq1EP9+x5iX\nUKiWIraX0sE4ki+/LfFVGP5CjxfSCbkJ6VbCStM9hfuNJexxfua81IdzI3O5ZXou\n+YM+RklWVTso5UlPAJEwyjzjXA/mD9brkwPa5NjdlCIPU09CBXsr83vkOV1kHdwa\na31d6j58pMma8hrxZc9eWGxJu2bY2BTn+lRHvsIqqPtYD8mgbiJCyaRav6Zlx69J\nk9dbq4lQSUfoagoNgD1ji1wXzouwZvN55nAeeKQ0wu7q5o1fQexaVkWCbcNStQZA\n12k7mHOsagy8hsZ8rsu5AoIBAQD9pZEOUn9df6lEXKPq3oL+/oKo5q1DK9AuGeDa\nL9dRfXFUexdUPRXr7xkDlbRSb4LMYG9xeDWFgO5GdcYISi/zw3rh9tQAof0LA2UX\nHzVaTpMqhflnuEnM5A7K66qVQ+6mLLn/1gxd5qo6SzwVIpbYyoUZfRRFzQuW60xS\nRV1i+4WkinBSlfjkCz6Cnq0Iu7zFy5YxMAIL9lMbStUQY2xq2aYkqUUknc2jcsBZ\npFFI24pR9B3RVdpRUV1RNitFTGQ17jEOjKQZLETxPAVnD09eNpSjEh+KsPoZpLlb\nhHgpdPKrGaOKaItiljLm0Fwx9h6ycvozBn/zxRXDbyIJml/ZAoIBAQDGT+KsnEkx\nTL3yq0aQpl8iX80UMwTUhrjwZkJLww+Kke2VxzsGLnssvvteLM3uhW8SCRfO69Fr\nRZlgB/YB7LdtQ9vQ3YLvXWqIlmPYh1Q5HBQi+zTqtcfH88Sb2cK84vsFmLS3WIJc\n/TS/vSgeBVDz9edXCPr+Kb/dhnlwytyGff0reBdRgw1EbheA7yvZidjHVjswBSp2\nsjtscijehthqECUrKRBJY91Y0uWKSt+oHfFhE8eopXC52txlUsBedd9JF3GPgQfz\nc0WqbCa0l2tatEjMjAwsD5DCY895LyMnW6S004eQ8W0fvrXDLxO/du4U00J05vdm\n7nLR9IYQt+GbAoIBABzkRA6WlQ1oYjZ4Ou+g4tj60pU8mVXCYtcteXBA7MzKdiNC\nVhjxUFLsjDPdVInjS8nN3kPVhnsrgXijJ6iAEtA4XwHoJKPhz7n2bAhjNKeRta+t\nTQhkdHuTKqAwkeCouUFSbOlYT1ZO1OsI8NITe408HEcX+TwuK/jH2oywe/+vWLyy\nTDMMBCqtoTQtsNYC1HDPTM9TgZgtObAtKPHR8WKGYidg5JBULT1F7+UGE4AyCaJm\nJRNYLSMAGpoKiok9N1jxRcM7f+GiKkQ0KwVfOBIqM2oTwWYB3KsZGUf0Yd+PA6k7\npWY5nE7hfvDNoQLL3xlCgX9YaTCyLVVyjjT70ZkCggEBAJjkeC96Itf2ga+5KyNU\nkZ4v3C3Jk9zCrYzyWgSNM8sy7MiAHNqMNXzvFV+rDW3qxBJUnl1y5DdfJnuqR5l+\nRoDgQ3YJgexHyl3aDMqgs2eAZWn+4PJgCdH398nsnr4ABWZwMEv22jMVKHj3Phm/\nIYWlPaGVk+UmjP0eszwputGaCvlbkibO8gijFE3cl6MVKuOscN957B4tFbFrZmUB\n85H6Np3K//qFGt9jYYM4bKzxwOqGVHWKb5lqymb34MYy/F4ey/fGlDm20qwsy76J\ny0PYIRRKmQvTSFkGmKumkuTCO/8J4sf1ypsh7oK4JfKEn9PAeMkmVPGvvyht7Hqx\nOicCggEBALupL/WbMWLSuys19nhGjjDZK8mshFjVo6Jopt0FPo5fl6oCk3IuvDbP\nIRbDJlrxaQJXaK2xt+ooZW3a3+ExU1JPU7O/JhbRcRRN3syC3bBTEsy7Wpx7WrAw\n1wI+SiZWg9pxwQWMhaVYMD4RMSd7HDNXqesAtFikxTGUxXclGNWV2ERuUt5lev/2\nY3Hiehr+ZhX2hlah9QNfmDipHFpiYMUUDFLn4CyW1yVnj4rFgEeBPyXfmMooANAn\nlgq4PcM6AbbtdUVtD5gW54oCeqv3bwJEQjpnDx5pYnmowJ90EdhRMDwYUFQRHU2o\njimxX/3K+TN/5gizsQNqDcMg71WV2Rw=\n-----END PRIVATE KEY-----\n",
            "public_key_fingerprint_md5": "28:04:7c:65:c9:ff:29:b3:a1:d3:45:66:f7:41:8f:2f",
            "public_key_fingerprint_sha256": "SHA256:Oz9ipn+H9AUc8HQZriWsnN4DJ/ASD4vmgLDnsiS42ZQ",
            "public_key_openssh": "ssh-rsa AAAAB3NzaC1yc2EAAAADAQABAAACAQDEfTTgB197hkbnPpf6JN5eaO7W+Ri+Efl+VQKjBo0emaXd/WweFgiS9oVj6i/y+quQOtJmmkntkR7X3A2xFRcCfc9xFDRB5GXyACvHBOHmVrXynRRUgo/heusqmOISlNlWpj/hZ++TzjjUpKSxP28LxB5x8jhBc3kv5HO+TNQGjMyPqj5m1UxrnuocxvXptzJxC9ZONMff+laYMNyj220R7UN66Db7cORGOsJ8JviOA1HYMSlqAreN3RDMpyiy9wOuZ4dYgGm/7+hxjGCNLBBLAk7YT/aZDS6dNJymkSUlHb3CB4sIIlz8fATnmXcRHfSdJhRMOyLL97Z/jtaaA5Xone+hEgNbY0ncfytonJnG0Ky4G54IrAMvslOcyX9z+5RzvxGONHQnsmy71zp4xMDujle45ayD1WWX2/c2g6wm3J/LW/VgbhgV/nzR4HirlJQiiGrkG92Fh9alTS9PNcjaiN8xZFAWXP5ehald07V5iu8nbny6WDJ8X9ftxARX4g5hUfdXIOUbf53Ru+OkGEudB3KjlSXfsPAx0BS+qxqqYHnXXXVuvQMC6c10o/JD+XjmVfxkY+lyc1PxomolRGNRVWibapDMJ03g7ZEJ7fhCDQo7qZV1Yb2wwRcSvXb+5vNX+uiDoJTU81ITCxgRRpvZSkRwHWVVWoiQQbb6ktTBYw==\n",
            "public_key_pem": "-----BEGIN PUBLIC KEY-----\nMIICIjANBgkqhkiG9w0BAQEFAAOCAg8AMIICCgKCAgEAxH004Adfe4ZG5z6X+iTe\nXmju1vkYvhH5flUCowaNHpml3f1sHhYIkvaFY+ov8vqrkDrSZppJ7ZEe19wNsRUX\nAn3PcRQ0QeRl8gArxwTh5la18p0UVIKP4XrrKpjiEpTZVqY/4Wfvk8441KSksT9v\nC8QecfI4QXN5L+RzvkzUBozMj6o+ZtVMa57qHMb16bcycQvWTjTH3/pWmDDco9tt\nEe1Deug2+3DkRjrCfCb4jgNR2DEpagK3jd0QzKcosvcDrmeHWIBpv+/ocYxgjSwQ\nSwJO2E/2mQ0unTScppElJR29wgeLCCJc/HwE55l3ER30nSYUTDsiy/e2f47WmgOV\n6J3voRIDW2NJ3H8raJyZxtCsuBueCKwDL7JTnMl/c/uUc78RjjR0J7Jsu9c6eMTA\n7o5XuOWsg9Vll9v3NoOsJtyfy1v1YG4YFf580eB4q5SUIohq5BvdhYfWpU0vTzXI\n2ojfMWRQFlz+XoWpXdO1eYrvJ258ulgyfF/X7cQEV+IOYVH3VyDlG3+d0bvjpBhL\nnQdyo5Ul37DwMdAUvqsaqmB51111br0DAunNdKPyQ/l45lX8ZGPpcnNT8aJqJURj\nUVVom2qQzCdN4O2RCe34Qg0KO6mVdWG9sMEXEr12/ubzV/rog6CU1PNSEwsYEUab\n2UpEcB1lVVqIkEG2+pLUwWMCAwEAAQ==\n-----END PUBLIC KEY-----\n",
            "rsa_bits": 4096
          },
          "sensitive_attributes": [
            [
              {
                "type": "get_attr",
                "value": "private_key_openssh"
              }
            ],
            [
              {
                "type": "get_attr",
                "value": "private_key_pem"
              }
            ],
            [
              {
                "type": "get_attr",
                "value": "private_key_pem_pkcs8"
              }
            ]
          ],
          "identity_schema_version": 0
        }
      ]
    }
  ],
  "check_results": null
}
